<?xml version="1.0" encoding="utf-8"?>
<Project ToolsVersion="4.0" xmlns="http://schemas.microsoft.com/developer/msbuild/2003">
  <ItemGroup>
    <None Include="cpp.hint" />
  </ItemGroup>
  <ItemGroup>
    <Filter Include="Game">
      <UniqueIdentifier>{bd9f20b6-4bbd-464e-a257-7f11129669ca}</UniqueIdentifier>
    </Filter>
    <Filter Include="Game\Character">
      <UniqueIdentifier>{e230dc9f-b28f-4fb1-ad61-73b9d924bff1}</UniqueIdentifier>
    </Filter>
    <Filter Include="Game\Character\Component">
      <UniqueIdentifier>{a7991ba7-8776-4c40-b632-ac0256ea0785}</UniqueIdentifier>
    </Filter>
    <Filter Include="Game\Character\Component\StateMachine">
      <UniqueIdentifier>{53631f6d-961d-44c2-b546-d580734a7aba}</UniqueIdentifier>
    </Filter>
    <Filter Include="Game\Common">
      <UniqueIdentifier>{88bc9997-6838-45f4-8f5e-0bb864042214}</UniqueIdentifier>
    </Filter>
    <Filter Include="Game\Component">
      <UniqueIdentifier>{1da62d6d-32f2-4b11-9fb6-a0253d250cc7}</UniqueIdentifier>
    </Filter>
    <Filter Include="Game\Config">
      <UniqueIdentifier>{078f7540-2170-4124-ac80-0a7851dcb251}</UniqueIdentifier>
    </Filter>
    <Filter Include="Game\DataBase">
      <UniqueIdentifier>{0bc03ba1-aa1f-4429-8ae3-137ec3bfcf14}</UniqueIdentifier>
    </Filter>
    <Filter Include="Game\DataBase\MySQL">
      <UniqueIdentifier>{9ae0ab26-b61c-426b-a3ce-97a60202ece0}</UniqueIdentifier>
    </Filter>
    <Filter Include="Game\DataBase\MySQL\Data">
      <UniqueIdentifier>{e2131268-1314-449d-a950-581b34236395}</UniqueIdentifier>
    </Filter>
    <Filter Include="Game\DataBase\MySQL\Table">
      <UniqueIdentifier>{63ba1c68-4443-4dec-b7d4-38cfe2c7f679}</UniqueIdentifier>
    </Filter>
    <Filter Include="Game\DataBase\SQLite">
      <UniqueIdentifier>{cd0c5579-7292-4a76-8992-cfd7610a7259}</UniqueIdentifier>
    </Filter>
    <Filter Include="Game\Game">
      <UniqueIdentifier>{4ed71f3e-f343-42ad-90bf-c0db8ed1c8b2}</UniqueIdentifier>
    </Filter>
    <Filter Include="Game\Socket">
      <UniqueIdentifier>{6e4f6c9a-bcc5-45d2-b27e-3a50051cfc27}</UniqueIdentifier>
    </Filter>
    <Filter Include="Game\Socket\ClientServer">
      <UniqueIdentifier>{c59b6048-f190-430f-bc24-e4ed7161a991}</UniqueIdentifier>
    </Filter>
    <Filter Include="Game\Socket\ServerClient">
      <UniqueIdentifier>{0e0a78d8-47a8-4dac-a8fa-527a97fd81dc}</UniqueIdentifier>
    </Filter>
    <Filter Include="Game\Socket\Struct">
      <UniqueIdentifier>{399ed84f-71be-453c-8178-a5aa1a32dab5}</UniqueIdentifier>
    </Filter>
    <Filter Include="Game\Utility">
      <UniqueIdentifier>{03d39162-b211-4599-b222-6ca40dc08021}</UniqueIdentifier>
    </Filter>
  </ItemGroup>
  <ItemGroup>
    <ClInclude Include="main.cpp" />
    <ClInclude Include="Game\Character\CharacterGame.cpp">
      <Filter>Game\Character</Filter>
    </ClInclude>
    <ClInclude Include="Game\Character\CharacterGame.h">
      <Filter>Game\Character</Filter>
    </ClInclude>
    <ClInclude Include="Game\Character\CharacterGameData.cpp">
      <Filter>Game\Character</Filter>
    </ClInclude>
    <ClInclude Include="Game\Character\CharacterGameData.h">
      <Filter>Game\Character</Filter>
    </ClInclude>
    <ClInclude Include="Game\Character\CharacterPlayer.cpp">
      <Filter>Game\Character</Filter>
    </ClInclude>
    <ClInclude Include="Game\Character\CharacterPlayer.h">
      <Filter>Game\Character</Filter>
    </ClInclude>
    <ClInclude Include="Game\Character\CharacterPlayerData.cpp">
      <Filter>Game\Character</Filter>
    </ClInclude>
    <ClInclude Include="Game\Character\CharacterPlayerData.h">
      <Filter>Game\Character</Filter>
    </ClInclude>
    <ClInclude Include="Game\Character\CharacterRegister.cpp">
      <Filter>Game\Character</Filter>
    </ClInclude>
    <ClInclude Include="Game\Character\CharacterRegister.h">
      <Filter>Game\Character</Filter>
    </ClInclude>
    <ClInclude Include="Game\Character\Component\StateMachine\StateRegister.cpp">
      <Filter>Game\Character\Component\StateMachine</Filter>
    </ClInclude>
    <ClInclude Include="Game\Character\Component\StateMachine\StateRegister.h">
      <Filter>Game\Character\Component\StateMachine</Filter>
    </ClInclude>
    <ClInclude Include="Game\Common\GameBase.cpp">
      <Filter>Game\Common</Filter>
    </ClInclude>
    <ClInclude Include="Game\Common\GameBase.h">
      <Filter>Game\Common</Filter>
    </ClInclude>
    <ClInclude Include="Game\Common\GameCallback.h">
      <Filter>Game\Common</Filter>
    </ClInclude>
    <ClInclude Include="Game\Common\GameClassDeclare.h">
      <Filter>Game\Common</Filter>
    </ClInclude>
    <ClInclude Include="Game\Common\GameDefine.cpp">
      <Filter>Game\Common</Filter>
    </ClInclude>
    <ClInclude Include="Game\Common\GameDefine.h">
      <Filter>Game\Common</Filter>
    </ClInclude>
    <ClInclude Include="Game\Common\GameEnum.h">
      <Filter>Game\Common</Filter>
    </ClInclude>
    <ClInclude Include="Game\Common\GameEnumCheck.h">
      <Filter>Game\Common</Filter>
    </ClInclude>
    <ClInclude Include="Game\Common\GameHeader.h">
      <Filter>Game\Common</Filter>
    </ClInclude>
    <ClInclude Include="Game\Common\GameMacro.h">
      <Filter>Game\Common</Filter>
    </ClInclude>
    <ClInclude Include="Game\Common\GameSTLPoolRegister.cpp">
      <Filter>Game\Common</Filter>
    </ClInclude>
    <ClInclude Include="Game\Common\GameSTLPoolRegister.h">
      <Filter>Game\Common</Filter>
    </ClInclude>
    <ClInclude Include="Game\Common\GameStringDefine.h">
      <Filter>Game\Common</Filter>
    </ClInclude>
    <ClInclude Include="Game\Component\GameComponentRegister.cpp">
      <Filter>Game\Component</Filter>
    </ClInclude>
    <ClInclude Include="Game\Component\GameComponentRegister.h">
      <Filter>Game\Component</Filter>
    </ClInclude>
    <ClInclude Include="Game\Config\GameConfigSystem.cpp">
      <Filter>Game\Config</Filter>
    </ClInclude>
    <ClInclude Include="Game\Config\GameConfigSystem.h">
      <Filter>Game\Config</Filter>
    </ClInclude>
    <ClInclude Include="Game\DataBase\MySQL\MySQLRegister.cpp">
      <Filter>Game\DataBase\MySQL</Filter>
    </ClInclude>
    <ClInclude Include="Game\DataBase\MySQL\MySQLRegister.h">
      <Filter>Game\DataBase\MySQL</Filter>
    </ClInclude>
    <ClInclude Include="Game\DataBase\MySQL\Data\MDAccount.cpp">
      <Filter>Game\DataBase\MySQL\Data</Filter>
    </ClInclude>
    <ClInclude Include="Game\DataBase\MySQL\Data\MDAccount.h">
      <Filter>Game\DataBase\MySQL\Data</Filter>
    </ClInclude>
    <ClInclude Include="Game\DataBase\MySQL\Table\MySQLAccount.cpp">
      <Filter>Game\DataBase\MySQL\Table</Filter>
    </ClInclude>
    <ClInclude Include="Game\DataBase\MySQL\Table\MySQLAccount.h">
      <Filter>Game\DataBase\MySQL\Table</Filter>
    </ClInclude>
    <ClInclude Include="Game\DataBase\SQLite\SQLiteRegister.cpp">
      <Filter>Game\DataBase\SQLite</Filter>
    </ClInclude>
    <ClInclude Include="Game\DataBase\SQLite\SQLiteRegister.h">
      <Filter>Game\DataBase\SQLite</Filter>
    </ClInclude>
    <ClInclude Include="Game\Game\Game.cpp">
      <Filter>Game\Game</Filter>
    </ClInclude>
    <ClInclude Include="Game\Game\Game.h">
      <Filter>Game\Game</Filter>
    </ClInclude>
    <ClInclude Include="Game\Socket\GamePacketDefine.h">
      <Filter>Game\Socket</Filter>
    </ClInclude>
    <ClInclude Include="Game\Socket\GamePacketRegister.cpp">
      <Filter>Game\Socket</Filter>
    </ClInclude>
    <ClInclude Include="Game\Socket\GamePacketRegister.h">
      <Filter>Game\Socket</Filter>
    </ClInclude>
    <ClInclude Include="Game\Socket\ClientServer\CSAttack.cpp">
      <Filter>Game\Socket\ClientServer</Filter>
    </ClInclude>
    <ClInclude Include="Game\Socket\ClientServer\CSAttack.h">
      <Filter>Game\Socket\ClientServer</Filter>
    </ClInclude>
    <ClInclude Include="Game\Socket\ClientServer\CSCheckPacketVersion.cpp">
      <Filter>Game\Socket\ClientServer</Filter>
    </ClInclude>
    <ClInclude Include="Game\Socket\ClientServer\CSCheckPacketVersion.h">
      <Filter>Game\Socket\ClientServer</Filter>
    </ClInclude>
    <ClInclude Include="Game\Socket\ClientServer\CSLogin.cpp">
      <Filter>Game\Socket\ClientServer</Filter>
    </ClInclude>
    <ClInclude Include="Game\Socket\ClientServer\CSLogin.h">
      <Filter>Game\Socket\ClientServer</Filter>
    </ClInclude>
    <ClInclude Include="Game\Socket\ClientServer\CSServerCheckPing.cpp">
      <Filter>Game\Socket\ClientServer</Filter>
    </ClInclude>
    <ClInclude Include="Game\Socket\ClientServer\CSServerCheckPing.h">
      <Filter>Game\Socket\ClientServer</Filter>
    </ClInclude>
    <ClInclude Include="Game\Socket\ServerClient\SCAttack.cpp">
      <Filter>Game\Socket\ServerClient</Filter>
    </ClInclude>
    <ClInclude Include="Game\Socket\ServerClient\SCAttack.h">
      <Filter>Game\Socket\ServerClient</Filter>
    </ClInclude>
    <ClInclude Include="Game\Socket\ServerClient\SCCharacterFullGameData.cpp">
      <Filter>Game\Socket\ServerClient</Filter>
    </ClInclude>
    <ClInclude Include="Game\Socket\ServerClient\SCCharacterFullGameData.h">
      <Filter>Game\Socket\ServerClient</Filter>
    </ClInclude>
    <ClInclude Include="Game\Socket\ServerClient\SCCheckPacketVersion.cpp">
      <Filter>Game\Socket\ServerClient</Filter>
    </ClInclude>
    <ClInclude Include="Game\Socket\ServerClient\SCCheckPacketVersion.h">
      <Filter>Game\Socket\ServerClient</Filter>
    </ClInclude>
    <ClInclude Include="Game\Socket\ServerClient\SCGetItemTip.cpp">
      <Filter>Game\Socket\ServerClient</Filter>
    </ClInclude>
    <ClInclude Include="Game\Socket\ServerClient\SCGetItemTip.h">
      <Filter>Game\Socket\ServerClient</Filter>
    </ClInclude>
    <ClInclude Include="Game\Socket\ServerClient\SCServerCheckPing.cpp">
      <Filter>Game\Socket\ServerClient</Filter>
    </ClInclude>
    <ClInclude Include="Game\Socket\ServerClient\SCServerCheckPing.h">
      <Filter>Game\Socket\ServerClient</Filter>
    </ClInclude>
    <ClInclude Include="Game\Socket\Struct\NetStructItemInfo.cpp">
      <Filter>Game\Socket\Struct</Filter>
    </ClInclude>
    <ClInclude Include="Game\Socket\Struct\NetStructItemInfo.h">
      <Filter>Game\Socket\Struct</Filter>
    </ClInclude>
    <ClInclude Include="Game\Utility\GameUtility.cpp">
      <Filter>Game\Utility</Filter>
    </ClInclude>
    <ClInclude Include="Game\Utility\GameUtility.h">
      <Filter>Game\Utility</Filter>
    </ClInclude>
  </ItemGroup>
  <ItemGroup>
    <ClCompile Include="Game\UnityBuildGame.cpp">
      <Filter>Game</Filter>
    </ClCompile>
  </ItemGroup>
</Project>